// !$*UTF8*$!
{
	archiveVersion = 1;
	classes = {
	};
	objectVersion = 56;
	objects = {

/* Begin PBXBuildFile section */
		CE40E10C28EDD9CA00A8ECD5 /* ForecastWeatherViewModel.swift in Sources */ = {isa = PBXBuildFile; fileRef = CE40E10B28EDD9CA00A8ECD5 /* ForecastWeatherViewModel.swift */; };
		CE9B90F228E7065F00FFBB19 /* ViewModelCurrentWeather.swiftui.swift in Sources */ = {isa = PBXBuildFile; fileRef = CE9B90F128E7065F00FFBB19 /* ViewModelCurrentWeather.swiftui.swift */; };
		CEE695D228E4722200740CA2 /* StartView.swift in Sources */ = {isa = PBXBuildFile; fileRef = CEE695D128E4722200740CA2 /* StartView.swift */; };
		CEF7FA7A28DC8DF9009C752A /* YourWeatherApp.swift in Sources */ = {isa = PBXBuildFile; fileRef = CEF7FA7928DC8DF9009C752A /* YourWeatherApp.swift */; };
		CEF7FA7C28DC8DF9009C752A /* CurrentWeatherView.swift in Sources */ = {isa = PBXBuildFile; fileRef = CEF7FA7B28DC8DF9009C752A /* CurrentWeatherView.swift */; };
		CEF7FA7E28DC8DFA009C752A /* Assets.xcassets in Resources */ = {isa = PBXBuildFile; fileRef = CEF7FA7D28DC8DFA009C752A /* Assets.xcassets */; };
		CEF7FA8128DC8DFA009C752A /* Preview Assets.xcassets in Resources */ = {isa = PBXBuildFile; fileRef = CEF7FA8028DC8DFA009C752A /* Preview Assets.xcassets */; };
		CEF7FA8928DC8E87009C752A /* Network.swift in Sources */ = {isa = PBXBuildFile; fileRef = CEF7FA8828DC8E87009C752A /* Network.swift */; };
		CEF7FA8C28DC9494009C752A /* WeatherModel.swift in Sources */ = {isa = PBXBuildFile; fileRef = CEF7FA8B28DC9494009C752A /* WeatherModel.swift */; };
		CEF7FA8E28DDA02C009C752A /* SimpleWeatherModel.swift in Sources */ = {isa = PBXBuildFile; fileRef = CEF7FA8D28DDA02B009C752A /* SimpleWeatherModel.swift */; };
		CEF7FA9028E30EC3009C752A /* ListWeatherView.swift in Sources */ = {isa = PBXBuildFile; fileRef = CEF7FA8F28E30EC3009C752A /* ListWeatherView.swift */; };
		DF77530EDDE836115F90027E /* Pods_YourWeather.framework in Frameworks */ = {isa = PBXBuildFile; fileRef = DBD9D0A3C38D4AC2F6772F09 /* Pods_YourWeather.framework */; };
/* End PBXBuildFile section */

/* Begin PBXFileReference section */
		37EBA9EECE3DD2F2446FC54E /* Pods-YourWeather.debug.xcconfig */ = {isa = PBXFileReference; includeInIndex = 1; lastKnownFileType = text.xcconfig; name = "Pods-YourWeather.debug.xcconfig"; path = "Target Support Files/Pods-YourWeather/Pods-YourWeather.debug.xcconfig"; sourceTree = "<group>"; };
		CE40E10B28EDD9CA00A8ECD5 /* ForecastWeatherViewModel.swift */ = {isa = PBXFileReference; lastKnownFileType = sourcecode.swift; path = ForecastWeatherViewModel.swift; sourceTree = "<group>"; };
		CE9B90F128E7065F00FFBB19 /* ViewModelCurrentWeather.swiftui.swift */ = {isa = PBXFileReference; lastKnownFileType = sourcecode.swift; path = ViewModelCurrentWeather.swiftui.swift; sourceTree = "<group>"; };
		CE9B90F328EC6F0700FFBB19 /* Info.plist */ = {isa = PBXFileReference; lastKnownFileType = text.plist; path = Info.plist; sourceTree = "<group>"; };
		CEE695D128E4722200740CA2 /* StartView.swift */ = {isa = PBXFileReference; lastKnownFileType = sourcecode.swift; path = StartView.swift; sourceTree = "<group>"; };
		CEF7FA7628DC8DF9009C752A /* YourWeather.app */ = {isa = PBXFileReference; explicitFileType = wrapper.application; includeInIndex = 0; path = YourWeather.app; sourceTree = BUILT_PRODUCTS_DIR; };
		CEF7FA7928DC8DF9009C752A /* YourWeatherApp.swift */ = {isa = PBXFileReference; lastKnownFileType = sourcecode.swift; path = YourWeatherApp.swift; sourceTree = "<group>"; };
		CEF7FA7B28DC8DF9009C752A /* CurrentWeatherView.swift */ = {isa = PBXFileReference; lastKnownFileType = sourcecode.swift; path = CurrentWeatherView.swift; sourceTree = "<group>"; };
		CEF7FA7D28DC8DFA009C752A /* Assets.xcassets */ = {isa = PBXFileReference; lastKnownFileType = folder.assetcatalog; path = Assets.xcassets; sourceTree = "<group>"; };
		CEF7FA8028DC8DFA009C752A /* Preview Assets.xcassets */ = {isa = PBXFileReference; lastKnownFileType = folder.assetcatalog; path = "Preview Assets.xcassets"; sourceTree = "<group>"; };
		CEF7FA8828DC8E87009C752A /* Network.swift */ = {isa = PBXFileReference; lastKnownFileType = sourcecode.swift; path = Network.swift; sourceTree = "<group>"; };
		CEF7FA8B28DC9494009C752A /* WeatherModel.swift */ = {isa = PBXFileReference; lastKnownFileType = sourcecode.swift; path = WeatherModel.swift; sourceTree = "<group>"; };
		CEF7FA8D28DDA02B009C752A /* SimpleWeatherModel.swift */ = {isa = PBXFileReference; lastKnownFileType = sourcecode.swift; path = SimpleWeatherModel.swift; sourceTree = "<group>"; };
		CEF7FA8F28E30EC3009C752A /* ListWeatherView.swift */ = {isa = PBXFileReference; lastKnownFileType = sourcecode.swift; path = ListWeatherView.swift; sourceTree = "<group>"; };
		DBD9D0A3C38D4AC2F6772F09 /* Pods_YourWeather.framework */ = {isa = PBXFileReference; explicitFileType = wrapper.framework; includeInIndex = 0; path = Pods_YourWeather.framework; sourceTree = BUILT_PRODUCTS_DIR; };
		FC44A49C204E32C2339A5DBE /* Pods-YourWeather.release.xcconfig */ = {isa = PBXFileReference; includeInIndex = 1; lastKnownFileType = text.xcconfig; name = "Pods-YourWeather.release.xcconfig"; path = "Target Support Files/Pods-YourWeather/Pods-YourWeather.release.xcconfig"; sourceTree = "<group>"; };
/* End PBXFileReference section */

/* Begin PBXFrameworksBuildPhase section */
		CEF7FA7328DC8DF9009C752A /* Frameworks */ = {
			isa = PBXFrameworksBuildPhase;
			buildActionMask = 2147483647;
			files = (
				DF77530EDDE836115F90027E /* Pods_YourWeather.framework in Frameworks */,
			);
			runOnlyForDeploymentPostprocessing = 0;
		};
/* End PBXFrameworksBuildPhase section */

/* Begin PBXGroup section */
		8E913A79C2925117B7C09F0C /* Pods */ = {
			isa = PBXGroup;
			children = (
				37EBA9EECE3DD2F2446FC54E /* Pods-YourWeather.debug.xcconfig */,
				FC44A49C204E32C2339A5DBE /* Pods-YourWeather.release.xcconfig */,
			);
			path = Pods;
			sourceTree = "<group>";
		};
		CE2ABA6D28FAC2EF001B5DE7 /* View */ = {
			isa = PBXGroup;
			children = (
				CEF7FA8F28E30EC3009C752A /* ListWeatherView.swift */,
			);
			path = View;
			sourceTree = "<group>";
		};
		CE2ABA6E28FAC2F7001B5DE7 /* ViewModel */ = {
			isa = PBXGroup;
			children = (
				CE40E10B28EDD9CA00A8ECD5 /* ForecastWeatherViewModel.swift */,
			);
			path = ViewModel;
			sourceTree = "<group>";
		};
		CE2ABA6F28FAC305001B5DE7 /* View */ = {
			isa = PBXGroup;
			children = (
				CEF7FA7B28DC8DF9009C752A /* CurrentWeatherView.swift */,
			);
			path = View;
			sourceTree = "<group>";
		};
		CE2ABA7028FAC30B001B5DE7 /* ViewModel */ = {
			isa = PBXGroup;
			children = (
				CE9B90F128E7065F00FFBB19 /* ViewModelCurrentWeather.swiftui.swift */,
			);
			path = ViewModel;
			sourceTree = "<group>";
		};
		CE2F344628F40BAC00611C51 /* NavigationView */ = {
			isa = PBXGroup;
			children = (
				CEF7FA7928DC8DF9009C752A /* YourWeatherApp.swift */,
				CEE695D128E4722200740CA2 /* StartView.swift */,
			);
			path = NavigationView;
			sourceTree = "<group>";
		};
		CE40E10928ED928C00A8ECD5 /* CurrentWeather */ = {
			isa = PBXGroup;
			children = (
				CE2ABA7028FAC30B001B5DE7 /* ViewModel */,
				CE2ABA6F28FAC305001B5DE7 /* View */,
			);
			path = CurrentWeather;
			sourceTree = "<group>";
		};
		CE40E10A28EDD9AB00A8ECD5 /* ForecastWeather */ = {
			isa = PBXGroup;
			children = (
				CE2ABA6E28FAC2F7001B5DE7 /* ViewModel */,
				CE2ABA6D28FAC2EF001B5DE7 /* View */,
			);
			path = ForecastWeather;
			sourceTree = "<group>";
		};
		CE97C03D7950748E7BE52B87 /* Frameworks */ = {
			isa = PBXGroup;
			children = (
				DBD9D0A3C38D4AC2F6772F09 /* Pods_YourWeather.framework */,
			);
			name = Frameworks;
			sourceTree = "<group>";
		};
		CEF7FA6D28DC8DF9009C752A = {
			isa = PBXGroup;
			children = (
				CEF7FA7828DC8DF9009C752A /* YourWeather */,
				CEF7FA7728DC8DF9009C752A /* Products */,
				8E913A79C2925117B7C09F0C /* Pods */,
				CE97C03D7950748E7BE52B87 /* Frameworks */,
			);
			sourceTree = "<group>";
		};
		CEF7FA7728DC8DF9009C752A /* Products */ = {
			isa = PBXGroup;
			children = (
				CEF7FA7628DC8DF9009C752A /* YourWeather.app */,
			);
			name = Products;
			sourceTree = "<group>";
		};
		CEF7FA7828DC8DF9009C752A /* YourWeather */ = {
			isa = PBXGroup;
			children = (
				CE2F344628F40BAC00611C51 /* NavigationView */,
				CE40E10A28EDD9AB00A8ECD5 /* ForecastWeather */,
				CE40E10928ED928C00A8ECD5 /* CurrentWeather */,
				CE9B90F328EC6F0700FFBB19 /* Info.plist */,
				CEF7FA8A28DC9482009C752A /* Model */,
				CEF7FA8728DC8E68009C752A /* Services */,
				CEF7FA7D28DC8DFA009C752A /* Assets.xcassets */,
				CEF7FA7F28DC8DFA009C752A /* Preview Content */,
			);
			path = YourWeather;
			sourceTree = "<group>";
		};
		CEF7FA7F28DC8DFA009C752A /* Preview Content */ = {
			isa = PBXGroup;
			children = (
				CEF7FA8028DC8DFA009C752A /* Preview Assets.xcassets */,
			);
			path = "Preview Content";
			sourceTree = "<group>";
		};
		CEF7FA8728DC8E68009C752A /* Services */ = {
			isa = PBXGroup;
			children = (
				CEF7FA8828DC8E87009C752A /* Network.swift */,
			);
			path = Services;
			sourceTree = "<group>";
		};
		CEF7FA8A28DC9482009C752A /* Model */ = {
			isa = PBXGroup;
			children = (
				CEF7FA8B28DC9494009C752A /* WeatherModel.swift */,
				CEF7FA8D28DDA02B009C752A /* SimpleWeatherModel.swift */,
			);
			path = Model;
			sourceTree = "<group>";
		};
/* End PBXGroup section */

/* Begin PBXNativeTarget section */
		CEF7FA7528DC8DF9009C752A /* YourWeather */ = {
			isa = PBXNativeTarget;
			buildConfigurationList = CEF7FA8428DC8DFA009C752A /* Build configuration list for PBXNativeTarget "YourWeather" */;
			buildPhases = (
				CE2ABA6C28FABD21001B5DE7 /* ShellScript */,
				4306E7E062A8B15C2166CC8E /* [CP] Check Pods Manifest.lock */,
				CEF7FA7228DC8DF9009C752A /* Sources */,
				CEF7FA7328DC8DF9009C752A /* Frameworks */,
				CEF7FA7428DC8DF9009C752A /* Resources */,
				4E206E389A907FD95D8C9780 /* [CP] Embed Pods Frameworks */,
			);
			buildRules = (
			);
			dependencies = (
			);
			name = YourWeather;
			productName = YourWeather;
			productReference = CEF7FA7628DC8DF9009C752A /* YourWeather.app */;
			productType = "com.apple.product-type.application";
		};
/* End PBXNativeTarget section */

/* Begin PBXProject section */
		CEF7FA6E28DC8DF9009C752A /* Project object */ = {
			isa = PBXProject;
			attributes = {
				BuildIndependentTargetsInParallel = 1;
				LastSwiftUpdateCheck = 1400;
				LastUpgradeCheck = 1400;
				TargetAttributes = {
					CEF7FA7528DC8DF9009C752A = {
						CreatedOnToolsVersion = 14.0;
					};
				};
			};
			buildConfigurationList = CEF7FA7128DC8DF9009C752A /* Build configuration list for PBXProject "YourWeather" */;
			compatibilityVersion = "Xcode 14.0";
			developmentRegion = en;
			hasScannedForEncodings = 0;
			knownRegions = (
				en,
				Base,
			);
			mainGroup = CEF7FA6D28DC8DF9009C752A;
			productRefGroup = CEF7FA7728DC8DF9009C752A /* Products */;
			projectDirPath = "";
			projectRoot = "";
			targets = (
				CEF7FA7528DC8DF9009C752A /* YourWeather */,
			);
		};
/* End PBXProject section */

/* Begin PBXResourcesBuildPhase section */
		CEF7FA7428DC8DF9009C752A /* Resources */ = {
			isa = PBXResourcesBuildPhase;
			buildActionMask = 2147483647;
			files = (
				CEF7FA8128DC8DFA009C752A /* Preview Assets.xcassets in Resources */,
				CEF7FA7E28DC8DFA009C752A /* Assets.xcassets in Resources */,
			);
			runOnlyForDeploymentPostprocessing = 0;
		};
/* End PBXResourcesBuildPhase section */

/* Begin PBXShellScriptBuildPhase section */
		4306E7E062A8B15C2166CC8E /* [CP] Check Pods Manifest.lock */ = {
			isa = PBXShellScriptBuildPhase;
			buildActionMask = 2147483647;
			files = (
			);
			inputFileListPaths = (
			);
			inputPaths = (
				"${PODS_PODFILE_DIR_PATH}/Podfile.lock",
				"${PODS_ROOT}/Manifest.lock",
			);
			name = "[CP] Check Pods Manifest.lock";
			outputFileListPaths = (
			);
			outputPaths = (
				"$(DERIVED_FILE_DIR)/Pods-YourWeather-checkManifestLockResult.txt",
			);
			runOnlyForDeploymentPostprocessing = 0;
			shellPath = /bin/sh;
			shellScript = "diff \"${PODS_PODFILE_DIR_PATH}/Podfile.lock\" \"${PODS_ROOT}/Manifest.lock\" > /dev/null\nif [ $? != 0 ] ; then\n    # print error to STDERR\n    echo \"error: The sandbox is not in sync with the Podfile.lock. Run 'pod install' or update your CocoaPods installation.\" >&2\n    exit 1\nfi\n# This output is used by Xcode 'outputs' to avoid re-running this script phase.\necho \"SUCCESS\" > \"${SCRIPT_OUTPUT_FILE_0}\"\n";
			showEnvVarsInLog = 0;
		};
		4E206E389A907FD95D8C9780 /* [CP] Embed Pods Frameworks */ = {
			isa = PBXShellScriptBuildPhase;
			buildActionMask = 2147483647;
			files = (
			);
			inputFileListPaths = (
				"${PODS_ROOT}/Target Support Files/Pods-YourWeather/Pods-YourWeather-frameworks-${CONFIGURATION}-input-files.xcfilelist",
			);
			name = "[CP] Embed Pods Frameworks";
			outputFileListPaths = (
				"${PODS_ROOT}/Target Support Files/Pods-YourWeather/Pods-YourWeather-frameworks-${CONFIGURATION}-output-files.xcfilelist",
			);
			runOnlyForDeploymentPostprocessing = 0;
			shellPath = /bin/sh;
			shellScript = "\"${PODS_ROOT}/Target Support Files/Pods-YourWeather/Pods-YourWeather-frameworks.sh\"\n";
			showEnvVarsInLog = 0;
		};
		CE2ABA6C28FABD21001B5DE7 /* ShellScript */ = {
			isa = PBXShellScriptBuildPhase;
			buildActionMask = 2147483647;
			files = (
			);
			inputFileListPaths = (
			);
			inputPaths = (
			);
			outputFileListPaths = (
			);
			outputPaths = (
			);
			runOnlyForDeploymentPostprocessing = 0;
			shellPath = /bin/sh;
			shellScript = "${PODS_ROOT}/SwiftLint/swiftlint\n\nexport PATH=\"$PATH:/opt/homebrew/bin\"\n\nif which swiftlint > /dev/null; then\n  swiftlint\nelse\n  echo \"warning: SwiftLint not installed, download from https://github.com/realm/SwiftLint\"\nfi\n";
		};
/* End PBXShellScriptBuildPhase section */

/* Begin PBXSourcesBuildPhase section */
		CEF7FA7228DC8DF9009C752A /* Sources */ = {
			isa = PBXSourcesBuildPhase;
			buildActionMask = 2147483647;
			files = (
				CEF7FA7C28DC8DF9009C752A /* CurrentWeatherView.swift in Sources */,
				CEF7FA7A28DC8DF9009C752A /* YourWeatherApp.swift in Sources */,
				CEF7FA8C28DC9494009C752A /* WeatherModel.swift in Sources */,
				CEF7FA9028E30EC3009C752A /* ListWeatherView.swift in Sources */,
				CE40E10C28EDD9CA00A8ECD5 /* ForecastWeatherViewModel.swift in Sources */,
				CEF7FA8928DC8E87009C752A /* Network.swift in Sources */,
				CEF7FA8E28DDA02C009C752A /* SimpleWeatherModel.swift in Sources */,
				CE9B90F228E7065F00FFBB19 /* ViewModelCurrentWeather.swiftui.swift in Sources */,
				CEE695D228E4722200740CA2 /* StartView.swift in Sources */,
			);
			runOnlyForDeploymentPostprocessing = 0;
		};
/* End PBXSourcesBuildPhase section */

/* Begin XCBuildConfiguration section */
		CEF7FA8228DC8DFA009C752A /* Debug */ = {
			isa = XCBuildConfiguration;
			buildSettings = {
				ALWAYS_SEARCH_USER_PATHS = NO;
				CLANG_ANALYZER_NONNULL = YES;
				CLANG_ANALYZER_NUMBER_OBJECT_CONVERSION = YES_AGGRESSIVE;
				CLANG_CXX_LANGUAGE_STANDARD = "gnu++20";
				CLANG_ENABLE_MODULES = YES;
				CLANG_ENABLE_OBJC_ARC = YES;
				CLANG_ENABLE_OBJC_WEAK = YES;
				CLANG_WARN_BLOCK_CAPTURE_AUTORELEASING = YES;
				CLANG_WARN_BOOL_CONVERSION = YES;
				CLANG_WARN_COMMA = YES;
				CLANG_WARN_CONSTANT_CONVERSION = YES;
				CLANG_WARN_DEPRECATED_OBJC_IMPLEMENTATIONS = YES;
				CLANG_WARN_DIRECT_OBJC_ISA_USAGE = YES_ERROR;
				CLANG_WARN_DOCUMENTATION_COMMENTS = YES;
				CLANG_WARN_EMPTY_BODY = YES;
				CLANG_WARN_ENUM_CONVERSION = YES;
				CLANG_WARN_INFINITE_RECURSION = YES;
				CLANG_WARN_INT_CONVERSION = YES;
				CLANG_WARN_NON_LITERAL_NULL_CONVERSION = YES;
				CLANG_WARN_OBJC_IMPLICIT_RETAIN_SELF = YES;
				CLANG_WARN_OBJC_LITERAL_CONVERSION = YES;
				CLANG_WARN_OBJC_ROOT_CLASS = YES_ERROR;
				CLANG_WARN_QUOTED_INCLUDE_IN_FRAMEWORK_HEADER = YES;
				CLANG_WARN_RANGE_LOOP_ANALYSIS = YES;
				CLANG_WARN_STRICT_PROTOTYPES = YES;
				CLANG_WARN_SUSPICIOUS_MOVE = YES;
				CLANG_WARN_UNGUARDED_AVAILABILITY = YES_AGGRESSIVE;
				CLANG_WARN_UNREACHABLE_CODE = YES;
				CLANG_WARN__DUPLICATE_METHOD_MATCH = YES;
				COPY_PHASE_STRIP = NO;
				DEBUG_INFORMATION_FORMAT = dwarf;
				ENABLE_STRICT_OBJC_MSGSEND = YES;
				ENABLE_TESTABILITY = YES;
				GCC_C_LANGUAGE_STANDARD = gnu11;
				GCC_DYNAMIC_NO_PIC = NO;
				GCC_NO_COMMON_BLOCKS = YES;
				GCC_OPTIMIZATION_LEVEL = 0;
				GCC_PREPROCESSOR_DEFINITIONS = (
					"DEBUG=1",
					"$(inherited)",
				);
				GCC_WARN_64_TO_32_BIT_CONVERSION = YES;
				GCC_WARN_ABOUT_RETURN_TYPE = YES_ERROR;
				GCC_WARN_UNDECLARED_SELECTOR = YES;
				GCC_WARN_UNINITIALIZED_AUTOS = YES_AGGRESSIVE;
				GCC_WARN_UNUSED_FUNCTION = YES;
				GCC_WARN_UNUSED_VARIABLE = YES;
				IPHONEOS_DEPLOYMENT_TARGET = 16.0;
				MTL_ENABLE_DEBUG_INFO = INCLUDE_SOURCE;
				MTL_FAST_MATH = YES;
				ONLY_ACTIVE_ARCH = YES;
				SDKROOT = iphoneos;
				SWIFT_ACTIVE_COMPILATION_CONDITIONS = DEBUG;
				SWIFT_OPTIMIZATION_LEVEL = "-Onone";
			};
			name = Debug;
		};
		CEF7FA8328DC8DFA009C752A /* Release */ = {
			isa = XCBuildConfiguration;
			buildSettings = {
				ALWAYS_SEARCH_USER_PATHS = NO;
				CLANG_ANALYZER_NONNULL = YES;
				CLANG_ANALYZER_NUMBER_OBJECT_CONVERSION = YES_AGGRESSIVE;
				CLANG_CXX_LANGUAGE_STANDARD = "gnu++20";
				CLANG_ENABLE_MODULES = YES;
				CLANG_ENABLE_OBJC_ARC = YES;
				CLANG_ENABLE_OBJC_WEAK = YES;
				CLANG_WARN_BLOCK_CAPTURE_AUTORELEASING = YES;
				CLANG_WARN_BOOL_CONVERSION = YES;
				CLANG_WARN_COMMA = YES;
				CLANG_WARN_CONSTANT_CONVERSION = YES;
				CLANG_WARN_DEPRECATED_OBJC_IMPLEMENTATIONS = YES;
				CLANG_WARN_DIRECT_OBJC_ISA_USAGE = YES_ERROR;
				CLANG_WARN_DOCUMENTATION_COMMENTS = YES;
				CLANG_WARN_EMPTY_BODY = YES;
				CLANG_WARN_ENUM_CONVERSION = YES;
				CLANG_WARN_INFINITE_RECURSION = YES;
				CLANG_WARN_INT_CONVERSION = YES;
				CLANG_WARN_NON_LITERAL_NULL_CONVERSION = YES;
				CLANG_WARN_OBJC_IMPLICIT_RETAIN_SELF = YES;
				CLANG_WARN_OBJC_LITERAL_CONVERSION = YES;
				CLANG_WARN_OBJC_ROOT_CLASS = YES_ERROR;
				CLANG_WARN_QUOTED_INCLUDE_IN_FRAMEWORK_HEADER = YES;
				CLANG_WARN_RANGE_LOOP_ANALYSIS = YES;
				CLANG_WARN_STRICT_PROTOTYPES = YES;
				CLANG_WARN_SUSPICIOUS_MOVE = YES;
				CLANG_WARN_UNGUARDED_AVAILABILITY = YES_AGGRESSIVE;
				CLANG_WARN_UNREACHABLE_CODE = YES;
				CLANG_WARN__DUPLICATE_METHOD_MATCH = YES;
				COPY_PHASE_STRIP = NO;
				DEBUG_INFORMATION_FORMAT = "dwarf-with-dsym";
				ENABLE_NS_ASSERTIONS = NO;
				ENABLE_STRICT_OBJC_MSGSEND = YES;
				GCC_C_LANGUAGE_STANDARD = gnu11;
				GCC_NO_COMMON_BLOCKS = YES;
				GCC_WARN_64_TO_32_BIT_CONVERSION = YES;
				GCC_WARN_ABOUT_RETURN_TYPE = YES_ERROR;
				GCC_WARN_UNDECLARED_SELECTOR = YES;
				GCC_WARN_UNINITIALIZED_AUTOS = YES_AGGRESSIVE;
				GCC_WARN_UNUSED_FUNCTION = YES;
				GCC_WARN_UNUSED_VARIABLE = YES;
				IPHONEOS_DEPLOYMENT_TARGET = 16.0;
				MTL_ENABLE_DEBUG_INFO = NO;
				MTL_FAST_MATH = YES;
				SDKROOT = iphoneos;
				SWIFT_COMPILATION_MODE = wholemodule;
				SWIFT_OPTIMIZATION_LEVEL = "-O";
				VALIDATE_PRODUCT = YES;
			};
			name = Release;
		};
		CEF7FA8528DC8DFA009C752A /* Debug */ = {
			isa = XCBuildConfiguration;
			baseConfigurationReference = 37EBA9EECE3DD2F2446FC54E /* Pods-YourWeather.debug.xcconfig */;
			buildSettings = {
				ASSETCATALOG_COMPILER_APPICON_NAME = AppIcon;
				ASSETCATALOG_COMPILER_GLOBAL_ACCENT_COLOR_NAME = AccentColor;
				CODE_SIGN_STYLE = Automatic;
				CURRENT_PROJECT_VERSION = 1;
				DEVELOPMENT_ASSET_PATHS = "\"YourWeather/Preview Content\"";
				DEVELOPMENT_TEAM = 42SA45ZPH7;
				ENABLE_PREVIEWS = YES;
				GENERATE_INFOPLIST_FILE = YES;
				INFOPLIST_FILE = YourWeather/Info.plist;
				INFOPLIST_KEY_NSLocationAlwaysAndWhenInUseUsageDescription = "Your location is shared to the admin for efficient purpose";
				INFOPLIST_KEY_NSLocationWhenInUseUsageDescription = "Your location is shared to the admin for efficient purpose";
				INFOPLIST_KEY_UIApplicationSceneManifest_Generation = YES;
				INFOPLIST_KEY_UIApplicationSupportsIndirectInputEvents = YES;
				INFOPLIST_KEY_UILaunchScreen_Generation = YES;
				INFOPLIST_KEY_UISupportedInterfaceOrientations_iPad = "UIInterfaceOrientationPortrait UIInterfaceOrientationPortraitUpsideDown UIInterfaceOrientationLandscapeLeft UIInterfaceOrientationLandscapeRight";
				INFOPLIST_KEY_UISupportedInterfaceOrientations_iPhone = "UIInterfaceOrientationPortrait UIInterfaceOrientationLandscapeLeft UIInterfaceOrientationLandscapeRight";
				LD_RUNPATH_SEARCH_PATHS = (
					"$(inherited)",
					"@executable_path/Frameworks",
				);
				MARKETING_VERSION = 1.0;
				PRODUCT_BUNDLE_IDENTIFIER = "Andrew-Kuzmych.YourWeather";
				PRODUCT_NAME = "$(TARGET_NAME)";
				SWIFT_EMIT_LOC_STRINGS = YES;
				SWIFT_VERSION = 5.0;
				TARGETED_DEVICE_FAMILY = "1,2";
			};
			name = Debug;
		};
		CEF7FA8628DC8DFA009C752A /* Release */ = {
			isa = XCBuildConfiguration;
			baseConfigurationReference = FC44A49C204E32C2339A5DBE /* Pods-YourWeather.release.xcconfig */;
			buildSettings = {
				ASSETCATALOG_COMPILER_APPICON_NAME = AppIcon;
				ASSETCATALOG_COMPILER_GLOBAL_ACCENT_COLOR_NAME = AccentColor;
				CODE_SIGN_STYLE = Automatic;
				CURRENT_PROJECT_VERSION = 1;
				DEVELOPMENT_ASSET_PATHS = "\"YourWeather/Preview Content\"";
				DEVELOPMENT_TEAM = 42SA45ZPH7;
				ENABLE_PREVIEWS = YES;
				GENERATE_INFOPLIST_FILE = YES;
				INFOPLIST_FILE = YourWeather/Info.plist;
				INFOPLIST_KEY_NSLocationAlwaysAndWhenInUseUsageDescription = "Your location is shared to the admin for efficient purpose";
				INFOPLIST_KEY_NSLocationWhenInUseUsageDescription = "Your location is shared to the admin for efficient purpose";
				INFOPLIST_KEY_UIApplicationSceneManifest_Generation = YES;
				INFOPLIST_KEY_UIApplicationSupportsIndirectInputEvents = YES;
				INFOPLIST_KEY_UILaunchScreen_Generation = YES;
				INFOPLIST_KEY_UISupportedInterfaceOrientations_iPad = "UIInterfaceOrientationPortrait UIInterfaceOrientationPortraitUpsideDown UIInterfaceOrientationLandscapeLeft UIInterfaceOrientationLandscapeRight";
				INFOPLIST_KEY_UISupportedInterfaceOrientations_iPhone = "UIInterfaceOrientationPortrait UIInterfaceOrientationLandscapeLeft UIInterfaceOrientationLandscapeRight";
				LD_RUNPATH_SEARCH_PATHS = (
					"$(inherited)",
					"@executable_path/Frameworks",
				);
				MARKETING_VERSION = 1.0;
				PRODUCT_BUNDLE_IDENTIFIER = "Andrew-Kuzmych.YourWeather";
				PRODUCT_NAME = "$(TARGET_NAME)";
				SWIFT_EMIT_LOC_STRINGS = YES;
				SWIFT_VERSION = 5.0;
				TARGETED_DEVICE_FAMILY = "1,2";
			};
			name = Release;
		};
/* End XCBuildConfiguration section */

/* Begin XCConfigurationList section */
		CEF7FA7128DC8DF9009C752A /* Build configuration list for PBXProject "YourWeather" */ = {
			isa = XCConfigurationList;
			buildConfigurations = (
				CEF7FA8228DC8DFA009C752A /* Debug */,
				CEF7FA8328DC8DFA009C752A /* Release */,
			);
			defaultConfigurationIsVisible = 0;
			defaultConfigurationName = Release;
		};
		CEF7FA8428DC8DFA009C752A /* Build configuration list for PBXNativeTarget "YourWeather" */ = {
			isa = XCConfigurationList;
			buildConfigurations = (
				CEF7FA8528DC8DFA009C752A /* Debug */,
				CEF7FA8628DC8DFA009C752A /* Release */,
			);
			defaultConfigurationIsVisible = 0;
			defaultConfigurationName = Release;
		};
/* End XCConfigurationList section */
	};
	rootObject = CEF7FA6E28DC8DF9009C752A /* Project object */;
}
